{
  "name": "yii2-app-basic",
  "version": "1.0.0",
  "lockfileVersion": 1,
  "requires": true,
  "dependencies": {
    "bootstrap": {
      "version": "5.3.2",
      "resolved": "https://registry.npmmirror.com/bootstrap/-/bootstrap-5.3.2.tgz",
      "integrity": "sha512-D32nmNWiQHo94BKHLmOrdjlL05q1c8oxbtBphQFb9Z5to6eGRDCm0QgeaZ4zFBHzfg2++rqa2JkqCcxDy0sH0g=="
    },
    "inputmask": {
      "version": "3.3.11",
      "resolved": "https://registry.npmmirror.com/inputmask/-/inputmask-3.3.11.tgz",
      "integrity": "sha512-qyqC+MmJjOZrqojwY5T6KvWbdlPW3BO+1W7+2Y5bdSmwv//gkF8A5nXjPpZHD+rk1KRRBvsZ5oNGpJAKfVnqjw=="
    },
    "jquery": {
      "version": "2.2.4",
      "resolved": "https://registry.npmmirror.com/jquery/-/jquery-2.2.4.tgz",
      "integrity": "sha512-lBHj60ezci2u1v2FqnZIraShGgEXq35qCzMv4lITyHGppTnA13rwR0MgwyNJh9TnDs3aXUvd1xjAotfraMHX/Q=="
    },
    "jquery-treegrid": {
      "version": "0.3.0",
      "resolved": "https://registry.npmmirror.com/jquery-treegrid/-/jquery-treegrid-0.3.0.tgz",
      "integrity": "sha512-7aUdT+EHAf4ybRtuvU4gmcnoU24Z+FmraBwLnHWroL8HrAOhd+2c2Go/3jPsAK0MjR/dznAUB27GCO1koNwKIA=="
    },
    "jquery-ui": {
      "version": "1.13.2",
      "resolved": "https://registry.npmmirror.com/jquery-ui/-/jquery-ui-1.13.2.tgz",
      "integrity": "sha512-wBZPnqWs5GaYJmo1Jj0k/mrSkzdQzKDwhXNtHKcBdAcKVxMM3KNYFq+iJ2i1rwiG53Z8M4mTn3Qxrm17uH1D4Q==",
      "requires": {
        "jquery": ">=1.8.0 <4.0.0"
      }
    },
    "punycode": {
      "version": "2.3.0",
      "resolved": "https://registry.npmmirror.com/punycode/-/punycode-2.3.0.tgz",
      "integrity": "sha512-rRV+zQD8tVFys26lAGR9WUuS4iUAngJScM+ZRSKtvl5tKeZ2t5bvdNFdNHBW9FWR4guGHlgmsZ1G7BSm2wTbuA=="
    },
    "typeahead.js": {
      "version": "0.11.1",
      "resolved": "https://registry.npmmirror.com/typeahead.js/-/typeahead.js-0.11.1.tgz",
      "integrity": "sha512-yGaLzGjVHyryZdNfrWz2NHXUwEO7hrlVmGMGCo5+6mH3nEEhcQ0Te3mK3G60uRnxfERu8twOWSU4WmwScbwhMg==",
      "requires": {
        "jquery": ">=1.7"
      }
    },
    "yii2-pjax": {
      "version": "2.0.8",
      "resolved": "https://registry.npmmirror.com/yii2-pjax/-/yii2-pjax-2.0.8.tgz",
      "integrity": "sha512-3kEuUbXJABL4kHgrThb2uAN905FqkwSXul0hDnh53Hzgio9HbOdriFoKkji6EXVzFfDGUaji0UfR6jVEtWfZ3w=="
    }
  }
}
